
Microsoft Visual Studio Solution File, Format Version 12.00
# Visual Studio 15
VisualStudioVersion = 15.0.28307.705
MinimumVisualStudioVersion = 10.0.40219.1
Project("{FAE04EC0-301F-11D3-BF4B-00C04F79EFBC}") = "ExBD", "ExBD\ExBD.csproj", "{FF478715-D7C2-40EC-B627-1C71A5D11EFF}"
EndProject
Global
	GlobalSection(SolutionConfigurationPlatforms) = preSolution
		Debug|Any CPU = Debug|Any CPU
		Release|Any CPU = Release|Any CPU
	EndGlobalSection
	GlobalSection(ProjectConfigurationPlatforms) = postSolution
		{FF478715-D7C2-40EC-B627-1C71A5D11EFF}.Debug|Any CPU.ActiveCfg = Debug|Any CPU
		{FF478715-D7C2-40EC-B627-1C71A5D11EFF}.Debug|Any CPU.Build.0 = Debug|Any CPU
		{FF478715-D7C2-40EC-B627-1C71A5D11EFF}.Release|Any CPU.ActiveCfg = Release|Any CPU
		{FF478715-D7C2-40EC-B627-1C71A5D11EFF}.Release|Any CPU.Build.0 = Release|Any CPU
	EndGlobalSection
	GlobalSection(SolutionProperties) = preSolution
		HideSolutionNode = FALSE
	EndGlobalSection
	GlobalSection(ExtensibilityGlobals) = postSolution
		SolutionGuid = {A76CB048-121A-45BB-8952-8648F1AB65CD}
	EndGlobalSection
EndGlobal
